// !$*UTF8*$!
{
	archiveVersion = 1;
	classes = {
	};
	objectVersion = 56;
	objects = {

/* Begin PBXBuildFile section */
		FE0BB2A329537CEC00F757E8 /* AppDelegate.swift in Sources */ = {isa = PBXBuildFile; fileRef = FE0BB2A229537CEC00F757E8 /* AppDelegate.swift */; };
		FE0BB2A529537CEC00F757E8 /* SceneDelegate.swift in Sources */ = {isa = PBXBuildFile; fileRef = FE0BB2A429537CEC00F757E8 /* SceneDelegate.swift */; };
		FE0BB2AC29537CEE00F757E8 /* Assets.xcassets in Resources */ = {isa = PBXBuildFile; fileRef = FE0BB2AB29537CEE00F757E8 /* Assets.xcassets */; };
		FE0BB2AF29537CEE00F757E8 /* LaunchScreen.storyboard in Resources */ = {isa = PBXBuildFile; fileRef = FE0BB2AD29537CEE00F757E8 /* LaunchScreen.storyboard */; };
		FE393C49295CC3C800A10023 /* PlaceBuilder.swift in Sources */ = {isa = PBXBuildFile; fileRef = FE393C48295CC3C800A10023 /* PlaceBuilder.swift */; };
		FE393C4B295CC3D600A10023 /* PlaceInteractor.swift in Sources */ = {isa = PBXBuildFile; fileRef = FE393C4A295CC3D600A10023 /* PlaceInteractor.swift */; };
		FE393C4D295CC3E300A10023 /* PlacePresenter.swift in Sources */ = {isa = PBXBuildFile; fileRef = FE393C4C295CC3E300A10023 /* PlacePresenter.swift */; };
		FE393C4F295CC3EF00A10023 /* PlaceRouter.swift in Sources */ = {isa = PBXBuildFile; fileRef = FE393C4E295CC3EF00A10023 /* PlaceRouter.swift */; };
		FE393C51295CC40200A10023 /* PlaceView.swift in Sources */ = {isa = PBXBuildFile; fileRef = FE393C50295CC40200A10023 /* PlaceView.swift */; };
		FE393C53295CC41A00A10023 /* PlaceVC.swift in Sources */ = {isa = PBXBuildFile; fileRef = FE393C52295CC41A00A10023 /* PlaceVC.swift */; };
		FE422D8F2955F45100353890 /* SnapKit in Frameworks */ = {isa = PBXBuildFile; productRef = FE422D8E2955F45100353890 /* SnapKit */; };
		FE5CD4C82961BAC50094DCC4 /* ApiManager.swift in Sources */ = {isa = PBXBuildFile; fileRef = FE5CD4C72961BAC50094DCC4 /* ApiManager.swift */; };
		FE5CD4CB2961BB530094DCC4 /* Alamofire in Frameworks */ = {isa = PBXBuildFile; productRef = FE5CD4CA2961BB530094DCC4 /* Alamofire */; };
		FE5CD4CD2961BCEF0094DCC4 /* ApiEnvironment.swift in Sources */ = {isa = PBXBuildFile; fileRef = FE5CD4CC2961BCEF0094DCC4 /* ApiEnvironment.swift */; };
		FEE6B7C12957004500C3689F /* MainVC.swift in Sources */ = {isa = PBXBuildFile; fileRef = FEE6B7C02957004500C3689F /* MainVC.swift */; };
		FEE6B7C32957006800C3689F /* FavsVC.swift in Sources */ = {isa = PBXBuildFile; fileRef = FEE6B7C22957006800C3689F /* FavsVC.swift */; };
		FEE6B7C52957007D00C3689F /* MapVC.swift in Sources */ = {isa = PBXBuildFile; fileRef = FEE6B7C42957007D00C3689F /* MapVC.swift */; };
		FEE6B7C72957009C00C3689F /* MainView.swift in Sources */ = {isa = PBXBuildFile; fileRef = FEE6B7C62957009C00C3689F /* MainView.swift */; };
		FEE6B7C9295700B000C3689F /* FavsView.swift in Sources */ = {isa = PBXBuildFile; fileRef = FEE6B7C8295700B000C3689F /* FavsView.swift */; };
		FEE6B7CB295700C900C3689F /* MapView.swift in Sources */ = {isa = PBXBuildFile; fileRef = FEE6B7CA295700C900C3689F /* MapView.swift */; };
		FEE6B7CD295700F600C3689F /* MainInteractor.swift in Sources */ = {isa = PBXBuildFile; fileRef = FEE6B7CC295700F600C3689F /* MainInteractor.swift */; };
		FEE6B7CF2957010D00C3689F /* MainPresenter.swift in Sources */ = {isa = PBXBuildFile; fileRef = FEE6B7CE2957010D00C3689F /* MainPresenter.swift */; };
		FEE6B7D12957011A00C3689F /* MainRouter.swift in Sources */ = {isa = PBXBuildFile; fileRef = FEE6B7D02957011A00C3689F /* MainRouter.swift */; };
		FEE6B7D32957016200C3689F /* MainBuilder.swift in Sources */ = {isa = PBXBuildFile; fileRef = FEE6B7D22957016200C3689F /* MainBuilder.swift */; };
		FEE6B7D52957022000C3689F /* FavsBuilder.swift in Sources */ = {isa = PBXBuildFile; fileRef = FEE6B7D42957022000C3689F /* FavsBuilder.swift */; };
		FEE6B7D72957023F00C3689F /* MapBuilder.swift in Sources */ = {isa = PBXBuildFile; fileRef = FEE6B7D62957023F00C3689F /* MapBuilder.swift */; };
		FEE6B7D92957026D00C3689F /* FavsInteractor.swift in Sources */ = {isa = PBXBuildFile; fileRef = FEE6B7D82957026D00C3689F /* FavsInteractor.swift */; };
		FEE6B7DB2957027900C3689F /* FavsPresenter.swift in Sources */ = {isa = PBXBuildFile; fileRef = FEE6B7DA2957027900C3689F /* FavsPresenter.swift */; };
		FEE6B7DD2957028300C3689F /* FavsRouter.swift in Sources */ = {isa = PBXBuildFile; fileRef = FEE6B7DC2957028300C3689F /* FavsRouter.swift */; };
		FEE6B7DF295702F000C3689F /* MapInteractor.swift in Sources */ = {isa = PBXBuildFile; fileRef = FEE6B7DE295702F000C3689F /* MapInteractor.swift */; };
		FEE6B7E1295702FB00C3689F /* MapPresenter.swift in Sources */ = {isa = PBXBuildFile; fileRef = FEE6B7E0295702FB00C3689F /* MapPresenter.swift */; };
		FEE6B7E32957030400C3689F /* MapRouter.swift in Sources */ = {isa = PBXBuildFile; fileRef = FEE6B7E22957030400C3689F /* MapRouter.swift */; };
		FEE6B7E92957047E00C3689F /* MainCell.swift in Sources */ = {isa = PBXBuildFile; fileRef = FEE6B7E82957047E00C3689F /* MainCell.swift */; };
		FEE6B7EB295704A100C3689F /* FavsCell.swift in Sources */ = {isa = PBXBuildFile; fileRef = FEE6B7EA295704A100C3689F /* FavsCell.swift */; };
		FEE6B7EF295704F000C3689F /* DataManager.swift in Sources */ = {isa = PBXBuildFile; fileRef = FEE6B7EE295704F000C3689F /* DataManager.swift */; };
		FEE6B7F22957052100C3689F /* DataModel.xcdatamodeld in Sources */ = {isa = PBXBuildFile; fileRef = FEE6B7F02957052100C3689F /* DataModel.xcdatamodeld */; };
/* End PBXBuildFile section */

/* Begin PBXFileReference section */
		FE0BB29F29537CEC00F757E8 /* Hedonist.app */ = {isa = PBXFileReference; explicitFileType = wrapper.application; includeInIndex = 0; path = Hedonist.app; sourceTree = BUILT_PRODUCTS_DIR; };
		FE0BB2A229537CEC00F757E8 /* AppDelegate.swift */ = {isa = PBXFileReference; lastKnownFileType = sourcecode.swift; path = AppDelegate.swift; sourceTree = "<group>"; };
		FE0BB2A429537CEC00F757E8 /* SceneDelegate.swift */ = {isa = PBXFileReference; lastKnownFileType = sourcecode.swift; path = SceneDelegate.swift; sourceTree = "<group>"; };
		FE0BB2AB29537CEE00F757E8 /* Assets.xcassets */ = {isa = PBXFileReference; lastKnownFileType = folder.assetcatalog; path = Assets.xcassets; sourceTree = "<group>"; };
		FE0BB2AE29537CEE00F757E8 /* Base */ = {isa = PBXFileReference; lastKnownFileType = file.storyboard; name = Base; path = Base.lproj/LaunchScreen.storyboard; sourceTree = "<group>"; };
		FE0BB2B029537CEE00F757E8 /* Info.plist */ = {isa = PBXFileReference; lastKnownFileType = text.plist.xml; path = Info.plist; sourceTree = "<group>"; };
		FE393C48295CC3C800A10023 /* PlaceBuilder.swift */ = {isa = PBXFileReference; lastKnownFileType = sourcecode.swift; path = PlaceBuilder.swift; sourceTree = "<group>"; };
		FE393C4A295CC3D600A10023 /* PlaceInteractor.swift */ = {isa = PBXFileReference; lastKnownFileType = sourcecode.swift; path = PlaceInteractor.swift; sourceTree = "<group>"; };
		FE393C4C295CC3E300A10023 /* PlacePresenter.swift */ = {isa = PBXFileReference; lastKnownFileType = sourcecode.swift; path = PlacePresenter.swift; sourceTree = "<group>"; };
		FE393C4E295CC3EF00A10023 /* PlaceRouter.swift */ = {isa = PBXFileReference; lastKnownFileType = sourcecode.swift; path = PlaceRouter.swift; sourceTree = "<group>"; };
		FE393C50295CC40200A10023 /* PlaceView.swift */ = {isa = PBXFileReference; lastKnownFileType = sourcecode.swift; path = PlaceView.swift; sourceTree = "<group>"; };
		FE393C52295CC41A00A10023 /* PlaceVC.swift */ = {isa = PBXFileReference; lastKnownFileType = sourcecode.swift; path = PlaceVC.swift; sourceTree = "<group>"; };
		FE5CD4C72961BAC50094DCC4 /* ApiManager.swift */ = {isa = PBXFileReference; lastKnownFileType = sourcecode.swift; path = ApiManager.swift; sourceTree = "<group>"; };
		FE5CD4CC2961BCEF0094DCC4 /* ApiEnvironment.swift */ = {isa = PBXFileReference; lastKnownFileType = sourcecode.swift; path = ApiEnvironment.swift; sourceTree = "<group>"; };
		FEE6B7C02957004500C3689F /* MainVC.swift */ = {isa = PBXFileReference; lastKnownFileType = sourcecode.swift; path = MainVC.swift; sourceTree = "<group>"; };
		FEE6B7C22957006800C3689F /* FavsVC.swift */ = {isa = PBXFileReference; lastKnownFileType = sourcecode.swift; path = FavsVC.swift; sourceTree = "<group>"; };
		FEE6B7C42957007D00C3689F /* MapVC.swift */ = {isa = PBXFileReference; lastKnownFileType = sourcecode.swift; path = MapVC.swift; sourceTree = "<group>"; };
		FEE6B7C62957009C00C3689F /* MainView.swift */ = {isa = PBXFileReference; lastKnownFileType = sourcecode.swift; path = MainView.swift; sourceTree = "<group>"; };
		FEE6B7C8295700B000C3689F /* FavsView.swift */ = {isa = PBXFileReference; lastKnownFileType = sourcecode.swift; path = FavsView.swift; sourceTree = "<group>"; };
		FEE6B7CA295700C900C3689F /* MapView.swift */ = {isa = PBXFileReference; lastKnownFileType = sourcecode.swift; path = MapView.swift; sourceTree = "<group>"; };
		FEE6B7CC295700F600C3689F /* MainInteractor.swift */ = {isa = PBXFileReference; lastKnownFileType = sourcecode.swift; path = MainInteractor.swift; sourceTree = "<group>"; };
		FEE6B7CE2957010D00C3689F /* MainPresenter.swift */ = {isa = PBXFileReference; lastKnownFileType = sourcecode.swift; path = MainPresenter.swift; sourceTree = "<group>"; };
		FEE6B7D02957011A00C3689F /* MainRouter.swift */ = {isa = PBXFileReference; lastKnownFileType = sourcecode.swift; path = MainRouter.swift; sourceTree = "<group>"; };
		FEE6B7D22957016200C3689F /* MainBuilder.swift */ = {isa = PBXFileReference; lastKnownFileType = sourcecode.swift; path = MainBuilder.swift; sourceTree = "<group>"; };
		FEE6B7D42957022000C3689F /* FavsBuilder.swift */ = {isa = PBXFileReference; lastKnownFileType = sourcecode.swift; path = FavsBuilder.swift; sourceTree = "<group>"; };
		FEE6B7D62957023F00C3689F /* MapBuilder.swift */ = {isa = PBXFileReference; lastKnownFileType = sourcecode.swift; path = MapBuilder.swift; sourceTree = "<group>"; };
		FEE6B7D82957026D00C3689F /* FavsInteractor.swift */ = {isa = PBXFileReference; lastKnownFileType = sourcecode.swift; path = FavsInteractor.swift; sourceTree = "<group>"; };
		FEE6B7DA2957027900C3689F /* FavsPresenter.swift */ = {isa = PBXFileReference; lastKnownFileType = sourcecode.swift; path = FavsPresenter.swift; sourceTree = "<group>"; };
		FEE6B7DC2957028300C3689F /* FavsRouter.swift */ = {isa = PBXFileReference; lastKnownFileType = sourcecode.swift; path = FavsRouter.swift; sourceTree = "<group>"; };
		FEE6B7DE295702F000C3689F /* MapInteractor.swift */ = {isa = PBXFileReference; lastKnownFileType = sourcecode.swift; path = MapInteractor.swift; sourceTree = "<group>"; };
		FEE6B7E0295702FB00C3689F /* MapPresenter.swift */ = {isa = PBXFileReference; lastKnownFileType = sourcecode.swift; path = MapPresenter.swift; sourceTree = "<group>"; };
		FEE6B7E22957030400C3689F /* MapRouter.swift */ = {isa = PBXFileReference; lastKnownFileType = sourcecode.swift; path = MapRouter.swift; sourceTree = "<group>"; };
		FEE6B7E82957047E00C3689F /* MainCell.swift */ = {isa = PBXFileReference; lastKnownFileType = sourcecode.swift; path = MainCell.swift; sourceTree = "<group>"; };
		FEE6B7EA295704A100C3689F /* FavsCell.swift */ = {isa = PBXFileReference; lastKnownFileType = sourcecode.swift; path = FavsCell.swift; sourceTree = "<group>"; };
		FEE6B7EE295704F000C3689F /* DataManager.swift */ = {isa = PBXFileReference; lastKnownFileType = sourcecode.swift; path = DataManager.swift; sourceTree = "<group>"; };
		FEE6B7F12957052100C3689F /* DataModel.xcdatamodel */ = {isa = PBXFileReference; lastKnownFileType = wrapper.xcdatamodel; path = DataModel.xcdatamodel; sourceTree = "<group>"; };
/* End PBXFileReference section */

/* Begin PBXFrameworksBuildPhase section */
		FE0BB29C29537CEC00F757E8 /* Frameworks */ = {
			isa = PBXFrameworksBuildPhase;
			buildActionMask = 2147483647;
			files = (
				FE422D8F2955F45100353890 /* SnapKit in Frameworks */,
				FE5CD4CB2961BB530094DCC4 /* Alamofire in Frameworks */,
			);
			runOnlyForDeploymentPostprocessing = 0;
		};
/* End PBXFrameworksBuildPhase section */

/* Begin PBXGroup section */
		FE0BB29629537CEC00F757E8 = {
			isa = PBXGroup;
			children = (
				FE0BB2A129537CEC00F757E8 /* Hedonist */,
				FE0BB2A029537CEC00F757E8 /* Products */,
			);
			sourceTree = "<group>";
		};
		FE0BB2A029537CEC00F757E8 /* Products */ = {
			isa = PBXGroup;
			children = (
				FE0BB29F29537CEC00F757E8 /* Hedonist.app */,
			);
			name = Products;
			sourceTree = "<group>";
		};
		FE0BB2A129537CEC00F757E8 /* Hedonist */ = {
			isa = PBXGroup;
			children = (
				FE0BB2A229537CEC00F757E8 /* AppDelegate.swift */,
				FE0BB2A429537CEC00F757E8 /* SceneDelegate.swift */,
				FE5CD4C62961BAA30094DCC4 /* APIManager */,
				FEE6B7E72957043B00C3689F /* DataManager */,
				FEE6B7BD2956FFC300C3689F /* MainScene */,
				FEE6B7BE2956FFD400C3689F /* FavsScene */,
				FEE6B7BF2956FFEC00C3689F /* MapScene */,
				FE393C47295CC38F00A10023 /* PlaceScene */,
				FE0BB2AB29537CEE00F757E8 /* Assets.xcassets */,
				FE0BB2AD29537CEE00F757E8 /* LaunchScreen.storyboard */,
				FE0BB2B029537CEE00F757E8 /* Info.plist */,
			);
			path = Hedonist;
			sourceTree = "<group>";
		};
		FE393C47295CC38F00A10023 /* PlaceScene */ = {
			isa = PBXGroup;
			children = (
				FE393C48295CC3C800A10023 /* PlaceBuilder.swift */,
				FE393C52295CC41A00A10023 /* PlaceVC.swift */,
				FE393C50295CC40200A10023 /* PlaceView.swift */,
				FE393C4A295CC3D600A10023 /* PlaceInteractor.swift */,
				FE393C4C295CC3E300A10023 /* PlacePresenter.swift */,
				FE393C4E295CC3EF00A10023 /* PlaceRouter.swift */,
			);
			path = PlaceScene;
			sourceTree = "<group>";
		};
		FE5CD4C62961BAA30094DCC4 /* APIManager */ = {
			isa = PBXGroup;
			children = (
				FE5CD4CC2961BCEF0094DCC4 /* ApiEnvironment.swift */,
				FE5CD4C72961BAC50094DCC4 /* ApiManager.swift */,
			);
			path = APIManager;
			sourceTree = "<group>";
		};
		FEE6B7BD2956FFC300C3689F /* MainScene */ = {
			isa = PBXGroup;
			children = (
				FEE6B7D22957016200C3689F /* MainBuilder.swift */,
				FEE6B7C02957004500C3689F /* MainVC.swift */,
				FEE6B7C62957009C00C3689F /* MainView.swift */,
				FEE6B7CC295700F600C3689F /* MainInteractor.swift */,
				FEE6B7CE2957010D00C3689F /* MainPresenter.swift */,
				FEE6B7D02957011A00C3689F /* MainRouter.swift */,
				FEE6B7E4295703FC00C3689F /* MainSubviews */,
			);
			path = MainScene;
			sourceTree = "<group>";
		};
		FEE6B7BE2956FFD400C3689F /* FavsScene */ = {
			isa = PBXGroup;
			children = (
				FEE6B7D42957022000C3689F /* FavsBuilder.swift */,
				FEE6B7C22957006800C3689F /* FavsVC.swift */,
				FEE6B7C8295700B000C3689F /* FavsView.swift */,
				FEE6B7D82957026D00C3689F /* FavsInteractor.swift */,
				FEE6B7DA2957027900C3689F /* FavsPresenter.swift */,
				FEE6B7DC2957028300C3689F /* FavsRouter.swift */,
				FEE6B7E52957041B00C3689F /* FavsSubviews */,
			);
			path = FavsScene;
			sourceTree = "<group>";
		};
		FEE6B7BF2956FFEC00C3689F /* MapScene */ = {
			isa = PBXGroup;
			children = (
				FEE6B7D62957023F00C3689F /* MapBuilder.swift */,
				FEE6B7C42957007D00C3689F /* MapVC.swift */,
				FEE6B7CA295700C900C3689F /* MapView.swift */,
				FEE6B7DE295702F000C3689F /* MapInteractor.swift */,
				FEE6B7E0295702FB00C3689F /* MapPresenter.swift */,
				FEE6B7E22957030400C3689F /* MapRouter.swift */,
			);
			path = MapScene;
			sourceTree = "<group>";
		};
		FEE6B7E4295703FC00C3689F /* MainSubviews */ = {
			isa = PBXGroup;
			children = (
				FEE6B7E82957047E00C3689F /* MainCell.swift */,
			);
			path = MainSubviews;
			sourceTree = "<group>";
		};
		FEE6B7E52957041B00C3689F /* FavsSubviews */ = {
			isa = PBXGroup;
			children = (
				FEE6B7EA295704A100C3689F /* FavsCell.swift */,
			);
			path = FavsSubviews;
			sourceTree = "<group>";
		};
		FEE6B7E72957043B00C3689F /* DataManager */ = {
			isa = PBXGroup;
			children = (
				FEE6B7EE295704F000C3689F /* DataManager.swift */,
				FEE6B7F02957052100C3689F /* DataModel.xcdatamodeld */,
			);
			path = DataManager;
			sourceTree = "<group>";
		};
/* End PBXGroup section */

/* Begin PBXNativeTarget section */
		FE0BB29E29537CEC00F757E8 /* Hedonist */ = {
			isa = PBXNativeTarget;
			buildConfigurationList = FE0BB2B329537CEE00F757E8 /* Build configuration list for PBXNativeTarget "Hedonist" */;
			buildPhases = (
				FE0BB29B29537CEC00F757E8 /* Sources */,
				FE0BB29C29537CEC00F757E8 /* Frameworks */,
				FE0BB29D29537CEC00F757E8 /* Resources */,
			);
			buildRules = (
			);
			dependencies = (
			);
			name = Hedonist;
			packageProductDependencies = (
				FE422D8E2955F45100353890 /* SnapKit */,
				FE5CD4CA2961BB530094DCC4 /* Alamofire */,
			);
			productName = Hedonist;
			productReference = FE0BB29F29537CEC00F757E8 /* Hedonist.app */;
			productType = "com.apple.product-type.application";
		};
/* End PBXNativeTarget section */

/* Begin PBXProject section */
		FE0BB29729537CEC00F757E8 /* Project object */ = {
			isa = PBXProject;
			attributes = {
				BuildIndependentTargetsInParallel = 1;
				LastSwiftUpdateCheck = 1420;
				LastUpgradeCheck = 1420;
				TargetAttributes = {
					FE0BB29E29537CEC00F757E8 = {
						CreatedOnToolsVersion = 14.2;
					};
				};
			};
			buildConfigurationList = FE0BB29A29537CEC00F757E8 /* Build configuration list for PBXProject "Hedonist" */;
			compatibilityVersion = "Xcode 14.0";
			developmentRegion = en;
			hasScannedForEncodings = 0;
			knownRegions = (
				en,
				Base,
			);
			mainGroup = FE0BB29629537CEC00F757E8;
			packageReferences = (
				FE422D8D2955F45100353890 /* XCRemoteSwiftPackageReference "SnapKit" */,
				FE5CD4C92961BB530094DCC4 /* XCRemoteSwiftPackageReference "Alamofire" */,
			);
			productRefGroup = FE0BB2A029537CEC00F757E8 /* Products */;
			projectDirPath = "";
			projectRoot = "";
			targets = (
				FE0BB29E29537CEC00F757E8 /* Hedonist */,
			);
		};
/* End PBXProject section */

/* Begin PBXResourcesBuildPhase section */
		FE0BB29D29537CEC00F757E8 /* Resources */ = {
			isa = PBXResourcesBuildPhase;
			buildActionMask = 2147483647;
			files = (
				FE0BB2AF29537CEE00F757E8 /* LaunchScreen.storyboard in Resources */,
				FE0BB2AC29537CEE00F757E8 /* Assets.xcassets in Resources */,
			);
			runOnlyForDeploymentPostprocessing = 0;
		};
/* End PBXResourcesBuildPhase section */

/* Begin PBXSourcesBuildPhase section */
		FE0BB29B29537CEC00F757E8 /* Sources */ = {
			isa = PBXSourcesBuildPhase;
			buildActionMask = 2147483647;
			files = (
				FEE6B7EF295704F000C3689F /* DataManager.swift in Sources */,
				FEE6B7C72957009C00C3689F /* MainView.swift in Sources */,
				FEE6B7C52957007D00C3689F /* MapVC.swift in Sources */,
				FE393C4D295CC3E300A10023 /* PlacePresenter.swift in Sources */,
				FEE6B7CD295700F600C3689F /* MainInteractor.swift in Sources */,
				FEE6B7C12957004500C3689F /* MainVC.swift in Sources */,
				FE393C51295CC40200A10023 /* PlaceView.swift in Sources */,
				FEE6B7D52957022000C3689F /* FavsBuilder.swift in Sources */,
				FEE6B7D32957016200C3689F /* MainBuilder.swift in Sources */,
				FEE6B7E1295702FB00C3689F /* MapPresenter.swift in Sources */,
				FEE6B7D12957011A00C3689F /* MainRouter.swift in Sources */,
				FEE6B7DD2957028300C3689F /* FavsRouter.swift in Sources */,
				FEE6B7C9295700B000C3689F /* FavsView.swift in Sources */,
				FEE6B7E32957030400C3689F /* MapRouter.swift in Sources */,
				FE0BB2A329537CEC00F757E8 /* AppDelegate.swift in Sources */,
				FEE6B7DB2957027900C3689F /* FavsPresenter.swift in Sources */,
				FEE6B7D92957026D00C3689F /* FavsInteractor.swift in Sources */,
				FE0BB2A529537CEC00F757E8 /* SceneDelegate.swift in Sources */,
				FE393C53295CC41A00A10023 /* PlaceVC.swift in Sources */,
				FE393C49295CC3C800A10023 /* PlaceBuilder.swift in Sources */,
				FEE6B7E92957047E00C3689F /* MainCell.swift in Sources */,
				FEE6B7CF2957010D00C3689F /* MainPresenter.swift in Sources */,
				FEE6B7D72957023F00C3689F /* MapBuilder.swift in Sources */,
				FE393C4B295CC3D600A10023 /* PlaceInteractor.swift in Sources */,
				FEE6B7EB295704A100C3689F /* FavsCell.swift in Sources */,
				FEE6B7F22957052100C3689F /* DataModel.xcdatamodeld in Sources */,
				FEE6B7CB295700C900C3689F /* MapView.swift in Sources */,
				FEE6B7DF295702F000C3689F /* MapInteractor.swift in Sources */,
				FE393C4F295CC3EF00A10023 /* PlaceRouter.swift in Sources */,
				FE5CD4C82961BAC50094DCC4 /* ApiManager.swift in Sources */,
				FE5CD4CD2961BCEF0094DCC4 /* ApiEnvironment.swift in Sources */,
				FEE6B7C32957006800C3689F /* FavsVC.swift in Sources */,
			);
			runOnlyForDeploymentPostprocessing = 0;
		};
/* End PBXSourcesBuildPhase section */

/* Begin PBXVariantGroup section */
		FE0BB2AD29537CEE00F757E8 /* LaunchScreen.storyboard */ = {
			isa = PBXVariantGroup;
			children = (
				FE0BB2AE29537CEE00F757E8 /* Base */,
			);
			name = LaunchScreen.storyboard;
			sourceTree = "<group>";
		};
/* End PBXVariantGroup section */

/* Begin XCBuildConfiguration section */
		FE0BB2B129537CEE00F757E8 /* Debug */ = {
			isa = XCBuildConfiguration;
			buildSettings = {
				ALWAYS_SEARCH_USER_PATHS = NO;
				CLANG_ANALYZER_NONNULL = YES;
				CLANG_ANALYZER_NUMBER_OBJECT_CONVERSION = YES_AGGRESSIVE;
				CLANG_CXX_LANGUAGE_STANDARD = "gnu++20";
				CLANG_ENABLE_MODULES = YES;
				CLANG_ENABLE_OBJC_ARC = YES;
				CLANG_ENABLE_OBJC_WEAK = YES;
				CLANG_WARN_BLOCK_CAPTURE_AUTORELEASING = YES;
				CLANG_WARN_BOOL_CONVERSION = YES;
				CLANG_WARN_COMMA = YES;
				CLANG_WARN_CONSTANT_CONVERSION = YES;
				CLANG_WARN_DEPRECATED_OBJC_IMPLEMENTATIONS = YES;
				CLANG_WARN_DIRECT_OBJC_ISA_USAGE = YES_ERROR;
				CLANG_WARN_DOCUMENTATION_COMMENTS = YES;
				CLANG_WARN_EMPTY_BODY = YES;
				CLANG_WARN_ENUM_CONVERSION = YES;
				CLANG_WARN_INFINITE_RECURSION = YES;
				CLANG_WARN_INT_CONVERSION = YES;
				CLANG_WARN_NON_LITERAL_NULL_CONVERSION = YES;
				CLANG_WARN_OBJC_IMPLICIT_RETAIN_SELF = YES;
				CLANG_WARN_OBJC_LITERAL_CONVERSION = YES;
				CLANG_WARN_OBJC_ROOT_CLASS = YES_ERROR;
				CLANG_WARN_QUOTED_INCLUDE_IN_FRAMEWORK_HEADER = YES;
				CLANG_WARN_RANGE_LOOP_ANALYSIS = YES;
				CLANG_WARN_STRICT_PROTOTYPES = YES;
				CLANG_WARN_SUSPICIOUS_MOVE = YES;
				CLANG_WARN_UNGUARDED_AVAILABILITY = YES_AGGRESSIVE;
				CLANG_WARN_UNREACHABLE_CODE = YES;
				CLANG_WARN__DUPLICATE_METHOD_MATCH = YES;
				COPY_PHASE_STRIP = NO;
				DEBUG_INFORMATION_FORMAT = dwarf;
				ENABLE_STRICT_OBJC_MSGSEND = YES;
				ENABLE_TESTABILITY = YES;
				GCC_C_LANGUAGE_STANDARD = gnu11;
				GCC_DYNAMIC_NO_PIC = NO;
				GCC_NO_COMMON_BLOCKS = YES;
				GCC_OPTIMIZATION_LEVEL = 0;
				GCC_PREPROCESSOR_DEFINITIONS = (
					"DEBUG=1",
					"$(inherited)",
				);
				GCC_WARN_64_TO_32_BIT_CONVERSION = YES;
				GCC_WARN_ABOUT_RETURN_TYPE = YES_ERROR;
				GCC_WARN_UNDECLARED_SELECTOR = YES;
				GCC_WARN_UNINITIALIZED_AUTOS = YES_AGGRESSIVE;
				GCC_WARN_UNUSED_FUNCTION = YES;
				GCC_WARN_UNUSED_VARIABLE = YES;
				IPHONEOS_DEPLOYMENT_TARGET = 14.0;
				MTL_ENABLE_DEBUG_INFO = INCLUDE_SOURCE;
				MTL_FAST_MATH = YES;
				ONLY_ACTIVE_ARCH = YES;
				SDKROOT = iphoneos;
				SWIFT_ACTIVE_COMPILATION_CONDITIONS = DEBUG;
				SWIFT_OPTIMIZATION_LEVEL = "-Onone";
			};
			name = Debug;
		};
		FE0BB2B229537CEE00F757E8 /* Release */ = {
			isa = XCBuildConfiguration;
			buildSettings = {
				ALWAYS_SEARCH_USER_PATHS = NO;
				CLANG_ANALYZER_NONNULL = YES;
				CLANG_ANALYZER_NUMBER_OBJECT_CONVERSION = YES_AGGRESSIVE;
				CLANG_CXX_LANGUAGE_STANDARD = "gnu++20";
				CLANG_ENABLE_MODULES = YES;
				CLANG_ENABLE_OBJC_ARC = YES;
				CLANG_ENABLE_OBJC_WEAK = YES;
				CLANG_WARN_BLOCK_CAPTURE_AUTORELEASING = YES;
				CLANG_WARN_BOOL_CONVERSION = YES;
				CLANG_WARN_COMMA = YES;
				CLANG_WARN_CONSTANT_CONVERSION = YES;
				CLANG_WARN_DEPRECATED_OBJC_IMPLEMENTATIONS = YES;
				CLANG_WARN_DIRECT_OBJC_ISA_USAGE = YES_ERROR;
				CLANG_WARN_DOCUMENTATION_COMMENTS = YES;
				CLANG_WARN_EMPTY_BODY = YES;
				CLANG_WARN_ENUM_CONVERSION = YES;
				CLANG_WARN_INFINITE_RECURSION = YES;
				CLANG_WARN_INT_CONVERSION = YES;
				CLANG_WARN_NON_LITERAL_NULL_CONVERSION = YES;
				CLANG_WARN_OBJC_IMPLICIT_RETAIN_SELF = YES;
				CLANG_WARN_OBJC_LITERAL_CONVERSION = YES;
				CLANG_WARN_OBJC_ROOT_CLASS = YES_ERROR;
				CLANG_WARN_QUOTED_INCLUDE_IN_FRAMEWORK_HEADER = YES;
				CLANG_WARN_RANGE_LOOP_ANALYSIS = YES;
				CLANG_WARN_STRICT_PROTOTYPES = YES;
				CLANG_WARN_SUSPICIOUS_MOVE = YES;
				CLANG_WARN_UNGUARDED_AVAILABILITY = YES_AGGRESSIVE;
				CLANG_WARN_UNREACHABLE_CODE = YES;
				CLANG_WARN__DUPLICATE_METHOD_MATCH = YES;
				COPY_PHASE_STRIP = NO;
				DEBUG_INFORMATION_FORMAT = "dwarf-with-dsym";
				ENABLE_NS_ASSERTIONS = NO;
				ENABLE_STRICT_OBJC_MSGSEND = YES;
				GCC_C_LANGUAGE_STANDARD = gnu11;
				GCC_NO_COMMON_BLOCKS = YES;
				GCC_WARN_64_TO_32_BIT_CONVERSION = YES;
				GCC_WARN_ABOUT_RETURN_TYPE = YES_ERROR;
				GCC_WARN_UNDECLARED_SELECTOR = YES;
				GCC_WARN_UNINITIALIZED_AUTOS = YES_AGGRESSIVE;
				GCC_WARN_UNUSED_FUNCTION = YES;
				GCC_WARN_UNUSED_VARIABLE = YES;
				IPHONEOS_DEPLOYMENT_TARGET = 14.0;
				MTL_ENABLE_DEBUG_INFO = NO;
				MTL_FAST_MATH = YES;
				SDKROOT = iphoneos;
				SWIFT_COMPILATION_MODE = wholemodule;
				SWIFT_OPTIMIZATION_LEVEL = "-O";
				VALIDATE_PRODUCT = YES;
			};
			name = Release;
		};
		FE0BB2B429537CEE00F757E8 /* Debug */ = {
			isa = XCBuildConfiguration;
			buildSettings = {
				ASSETCATALOG_COMPILER_APPICON_NAME = AppIcon;
				ASSETCATALOG_COMPILER_GLOBAL_ACCENT_COLOR_NAME = AccentColor;
				CODE_SIGN_STYLE = Automatic;
				CURRENT_PROJECT_VERSION = 1;
				DEVELOPMENT_TEAM = 6378F7PL5A;
				GENERATE_INFOPLIST_FILE = YES;
				INFOPLIST_FILE = Hedonist/Info.plist;
				INFOPLIST_KEY_CFBundleDisplayName = Hedonist;
				INFOPLIST_KEY_LSApplicationCategoryType = "public.app-category.lifestyle";
				INFOPLIST_KEY_UIApplicationSupportsIndirectInputEvents = YES;
				INFOPLIST_KEY_UILaunchStoryboardName = LaunchScreen.storyboard;
				INFOPLIST_KEY_UIMainStoryboardFile = "";
				INFOPLIST_KEY_UISupportedInterfaceOrientations = UIInterfaceOrientationPortrait;
				INFOPLIST_KEY_UISupportedInterfaceOrientations_iPad = "UIInterfaceOrientationLandscapeLeft UIInterfaceOrientationLandscapeRight UIInterfaceOrientationPortrait UIInterfaceOrientationPortraitUpsideDown";
				IPHONEOS_DEPLOYMENT_TARGET = 14.0;
				LD_RUNPATH_SEARCH_PATHS = (
					"$(inherited)",
					"@executable_path/Frameworks",
				);
				MARKETING_VERSION = 1.0;
				ONLY_ACTIVE_ARCH = YES;
				PRODUCT_BUNDLE_IDENTIFIER = com.savvin.Hedonist;
				PRODUCT_NAME = "$(TARGET_NAME)";
				SUPPORTED_PLATFORMS = "iphoneos iphonesimulator";
				SUPPORTS_MACCATALYST = NO;
				SUPPORTS_MAC_DESIGNED_FOR_IPHONE_IPAD = NO;
				SWIFT_COMPILATION_MODE = singlefile;
				SWIFT_EMIT_LOC_STRINGS = YES;
				SWIFT_OPTIMIZATION_LEVEL = "-Onone";
				SWIFT_VERSION = 5.0;
				TARGETED_DEVICE_FAMILY = 1;
			};
			name = Debug;
		};
		FE0BB2B529537CEE00F757E8 /* Release */ = {
			isa = XCBuildConfiguration;
			buildSettings = {
				ASSETCATALOG_COMPILER_APPICON_NAME = AppIcon;
				ASSETCATALOG_COMPILER_GLOBAL_ACCENT_COLOR_NAME = AccentColor;
				CODE_SIGN_STYLE = Automatic;
				CURRENT_PROJECT_VERSION = 1;
				DEBUG_INFORMATION_FORMAT = dwarf;
				DEVELOPMENT_TEAM = 6378F7PL5A;
				GENERATE_INFOPLIST_FILE = YES;
				INFOPLIST_FILE = Hedonist/Info.plist;
				INFOPLIST_KEY_CFBundleDisplayName = Hedonist;
				INFOPLIST_KEY_LSApplicationCategoryType = "public.app-category.lifestyle";
				INFOPLIST_KEY_UIApplicationSupportsIndirectInputEvents = YES;
				INFOPLIST_KEY_UILaunchStoryboardName = LaunchScreen.storyboard;
				INFOPLIST_KEY_UIMainStoryboardFile = "";
				INFOPLIST_KEY_UISupportedInterfaceOrientations = UIInterfaceOrientationPortrait;
				INFOPLIST_KEY_UISupportedInterfaceOrientations_iPad = "UIInterfaceOrientationLandscapeLeft UIInterfaceOrientationLandscapeRight UIInterfaceOrientationPortrait UIInterfaceOrientationPortraitUpsideDown";
				IPHONEOS_DEPLOYMENT_TARGET = 14.0;
				LD_RUNPATH_SEARCH_PATHS = (
					"$(inherited)",
					"@executable_path/Frameworks",
				);
				MARKETING_VERSION = 1.0;
				ONLY_ACTIVE_ARCH = NO;
				PRODUCT_BUNDLE_IDENTIFIER = com.savvin.Hedonist;
				PRODUCT_NAME = "$(TARGET_NAME)";
				SUPPORTED_PLATFORMS = "iphoneos iphonesimulator";
				SUPPORTS_MACCATALYST = NO;
				SUPPORTS_MAC_DESIGNED_FOR_IPHONE_IPAD = NO;
				SWIFT_EMIT_LOC_STRINGS = YES;
				SWIFT_VERSION = 5.0;
				TARGETED_DEVICE_FAMILY = 1;
			};
			name = Release;
		};
/* End XCBuildConfiguration section */

/* Begin XCConfigurationList section */
		FE0BB29A29537CEC00F757E8 /* Build configuration list for PBXProject "Hedonist" */ = {
			isa = XCConfigurationList;
			buildConfigurations = (
				FE0BB2B129537CEE00F757E8 /* Debug */,
				FE0BB2B229537CEE00F757E8 /* Release */,
			);
			defaultConfigurationIsVisible = 0;
			defaultConfigurationName = Release;
		};
		FE0BB2B329537CEE00F757E8 /* Build configuration list for PBXNativeTarget "Hedonist" */ = {
			isa = XCConfigurationList;
			buildConfigurations = (
				FE0BB2B429537CEE00F757E8 /* Debug */,
				FE0BB2B529537CEE00F757E8 /* Release */,
			);
			defaultConfigurationIsVisible = 0;
			defaultConfigurationName = Release;
		};
/* End XCConfigurationList section */

/* Begin XCRemoteSwiftPackageReference section */
		FE422D8D2955F45100353890 /* XCRemoteSwiftPackageReference "SnapKit" */ = {
			isa = XCRemoteSwiftPackageReference;
			repositoryURL = "https://github.com/SnapKit/SnapKit.git";
			requirement = {
				kind = upToNextMajorVersion;
				minimumVersion = 5.0.0;
			};
		};
		FE5CD4C92961BB530094DCC4 /* XCRemoteSwiftPackageReference "Alamofire" */ = {
			isa = XCRemoteSwiftPackageReference;
			repositoryURL = "https://github.com/Alamofire/Alamofire.git";
			requirement = {
				kind = upToNextMajorVersion;
				minimumVersion = 5.6.1;
			};
		};
/* End XCRemoteSwiftPackageReference section */

/* Begin XCSwiftPackageProductDependency section */
		FE422D8E2955F45100353890 /* SnapKit */ = {
			isa = XCSwiftPackageProductDependency;
			package = FE422D8D2955F45100353890 /* XCRemoteSwiftPackageReference "SnapKit" */;
			productName = SnapKit;
		};
		FE5CD4CA2961BB530094DCC4 /* Alamofire */ = {
			isa = XCSwiftPackageProductDependency;
			package = FE5CD4C92961BB530094DCC4 /* XCRemoteSwiftPackageReference "Alamofire" */;
			productName = Alamofire;
		};
/* End XCSwiftPackageProductDependency section */

/* Begin XCVersionGroup section */
		FEE6B7F02957052100C3689F /* DataModel.xcdatamodeld */ = {
			isa = XCVersionGroup;
			children = (
				FEE6B7F12957052100C3689F /* DataModel.xcdatamodel */,
			);
			currentVersion = FEE6B7F12957052100C3689F /* DataModel.xcdatamodel */;
			path = DataModel.xcdatamodeld;
			sourceTree = "<group>";
			versionGroupType = wrapper.xcdatamodel;
		};
/* End XCVersionGroup section */
	};
	rootObject = FE0BB29729537CEC00F757E8 /* Project object */;
}
